
Microsoft Visual Studio Solution File, Format Version 12.00
# Visual Studio 2013
VisualStudioVersion = 12.0.40629.0
MinimumVisualStudioVersion = 10.0.40219.1
Project("{FAE04EC0-301F-11D3-BF4B-00C04F79EFBC}") = "POS_Change_Console", "POS_Change\POS_Change_Console.csproj", "{9D3749AF-E80D-48EA-AE62-1F42E86764D1}"
EndProject
Project("{FAE04EC0-301F-11D3-BF4B-00C04F79EFBC}") = "CASHMasters_POS", "CASHMasters_POS\CASHMasters_POS.csproj", "{6E6A64D5-BE83-419F-8B2E-8BC18E497A06}"
EndProject
Project("{FAE04EC0-301F-11D3-BF4B-00C04F79EFBC}") = "CASHMasters_Pos_Tests", "CASHMasters_Pos_Tests\CASHMasters_Pos_Tests.csproj", "{1EE8B236-A634-479B-8311-2D8EAB81CDB7}"
EndProject
Global
	GlobalSection(SolutionConfigurationPlatforms) = preSolution
		Debug|Any CPU = Debug|Any CPU
		Release|Any CPU = Release|Any CPU
	EndGlobalSection
	GlobalSection(ProjectConfigurationPlatforms) = postSolution
		{9D3749AF-E80D-48EA-AE62-1F42E86764D1}.Debug|Any CPU.ActiveCfg = Debug|Any CPU
		{9D3749AF-E80D-48EA-AE62-1F42E86764D1}.Debug|Any CPU.Build.0 = Debug|Any CPU
		{9D3749AF-E80D-48EA-AE62-1F42E86764D1}.Release|Any CPU.ActiveCfg = Release|Any CPU
		{9D3749AF-E80D-48EA-AE62-1F42E86764D1}.Release|Any CPU.Build.0 = Release|Any CPU
		{6E6A64D5-BE83-419F-8B2E-8BC18E497A06}.Debug|Any CPU.ActiveCfg = Debug|Any CPU
		{6E6A64D5-BE83-419F-8B2E-8BC18E497A06}.Debug|Any CPU.Build.0 = Debug|Any CPU
		{6E6A64D5-BE83-419F-8B2E-8BC18E497A06}.Release|Any CPU.ActiveCfg = Release|Any CPU
		{6E6A64D5-BE83-419F-8B2E-8BC18E497A06}.Release|Any CPU.Build.0 = Release|Any CPU
		{1EE8B236-A634-479B-8311-2D8EAB81CDB7}.Debug|Any CPU.ActiveCfg = Debug|Any CPU
		{1EE8B236-A634-479B-8311-2D8EAB81CDB7}.Debug|Any CPU.Build.0 = Debug|Any CPU
		{1EE8B236-A634-479B-8311-2D8EAB81CDB7}.Release|Any CPU.ActiveCfg = Release|Any CPU
		{1EE8B236-A634-479B-8311-2D8EAB81CDB7}.Release|Any CPU.Build.0 = Release|Any CPU
	EndGlobalSection
	GlobalSection(SolutionProperties) = preSolution
		HideSolutionNode = FALSE
	EndGlobalSection
EndGlobal
